PODS:
  - Flutter (1.0.0)
  - lottie-ios (4.6.0)
  - lottie_native (0.0.1):
    - Flutter
    - lottie-ios (~> 4.6.0)

DEPENDENCIES:
  - Flutter (from `Flutter`)
  - lottie_native (from `.symlinks/plugins/lottie_native/ios`)

SPEC REPOS:
  trunk:
    - lottie-ios

EXTERNAL SOURCES:
  Flutter:
    :path: Flutter
  lottie_native:
    :path: ".symlinks/plugins/lottie_native/ios"

SPEC CHECKSUMS:
  Flutter: cabc95a1d2626b1b06e7179b784ebcf0c0cde467
  lottie-ios: 8f959969761e9c45d70353667d00af0e5b9cadb3
  lottie_native: 7d45b3b30be9496324cd7a1abd5c70679e08d3b0

PODFILE CHECKSUM: d2243213672c3c48aae53c36642ba411a6be7309

COCOAPODS: 1.16.2
