PODS:
  - Flutter (1.0.0)
  - lottie-ios (4.3.4)
  - lottie_native (0.0.1):
    - Flutter
    - lottie-ios (~> 4.3.4)

DEPENDENCIES:
  - Flutter (from `Flutter`)
  - lottie_native (from `.symlinks/plugins/lottie_native/ios`)

SPEC REPOS:
  trunk:
    - lottie-ios

EXTERNAL SOURCES:
  Flutter:
    :path: Flutter
  lottie_native:
    :path: ".symlinks/plugins/lottie_native/ios"

SPEC CHECKSUMS:
  Flutter: f04841e97a9d0b0a8025694d0796dd46242b2854
  lottie-ios: 3d98679b41fa6fd6aff2352b3953dbd3df8a397e
  lottie_native: e880defad595321983cebac72516c1a10b6df719

PODFILE CHECKSUM: 985e5b058f26709dc81f9ae74ea2b2775bdbcefe

COCOAPODS: 1.14.3
